// !$*UTF8*$!
{
	archiveVersion = 1;
	classes = {
	};
	objectVersion = 50;
	objects = {

/* Begin PBXBuildFile section */
		50C4686924F0DD170066ECA7 /* AppDelegate.swift in Sources */ = {isa = PBXBuildFile; fileRef = 50C4686824F0DD170066ECA7 /* AppDelegate.swift */; };
		50C4686B24F0DD170066ECA7 /* SceneDelegate.swift in Sources */ = {isa = PBXBuildFile; fileRef = 50C4686A24F0DD170066ECA7 /* SceneDelegate.swift */; };
		50C4686E24F0DD170066ECA7 /* Swymptom.xcdatamodeld in Sources */ = {isa = PBXBuildFile; fileRef = 50C4686C24F0DD170066ECA7 /* Swymptom.xcdatamodeld */; };
		50C4687024F0DD170066ECA7 /* ContentView.swift in Sources */ = {isa = PBXBuildFile; fileRef = 50C4686F24F0DD170066ECA7 /* ContentView.swift */; };
		50C4687224F0DD190066ECA7 /* Assets.xcassets in Resources */ = {isa = PBXBuildFile; fileRef = 50C4687124F0DD190066ECA7 /* Assets.xcassets */; };
		50C4687524F0DD190066ECA7 /* Preview Assets.xcassets in Resources */ = {isa = PBXBuildFile; fileRef = 50C4687424F0DD190066ECA7 /* Preview Assets.xcassets */; };
		50C4687824F0DD190066ECA7 /* LaunchScreen.storyboard in Resources */ = {isa = PBXBuildFile; fileRef = 50C4687624F0DD190066ECA7 /* LaunchScreen.storyboard */; };
/* End PBXBuildFile section */

/* Begin PBXFileReference section */
		50C4686524F0DD170066ECA7 /* Swymptom.app */ = {isa = PBXFileReference; explicitFileType = wrapper.application; includeInIndex = 0; path = Swymptom.app; sourceTree = BUILT_PRODUCTS_DIR; };
		50C4686824F0DD170066ECA7 /* AppDelegate.swift */ = {isa = PBXFileReference; lastKnownFileType = sourcecode.swift; path = AppDelegate.swift; sourceTree = "<group>"; };
		50C4686A24F0DD170066ECA7 /* SceneDelegate.swift */ = {isa = PBXFileReference; lastKnownFileType = sourcecode.swift; path = SceneDelegate.swift; sourceTree = "<group>"; };
		50C4686D24F0DD170066ECA7 /* Swymptom.xcdatamodel */ = {isa = PBXFileReference; lastKnownFileType = wrapper.xcdatamodel; path = Swymptom.xcdatamodel; sourceTree = "<group>"; };
		50C4686F24F0DD170066ECA7 /* ContentView.swift */ = {isa = PBXFileReference; lastKnownFileType = sourcecode.swift; path = ContentView.swift; sourceTree = "<group>"; };
		50C4687124F0DD190066ECA7 /* Assets.xcassets */ = {isa = PBXFileReference; lastKnownFileType = folder.assetcatalog; path = Assets.xcassets; sourceTree = "<group>"; };
		50C4687424F0DD190066ECA7 /* Preview Assets.xcassets */ = {isa = PBXFileReference; lastKnownFileType = folder.assetcatalog; path = "Preview Assets.xcassets"; sourceTree = "<group>"; };
		50C4687724F0DD190066ECA7 /* Base */ = {isa = PBXFileReference; lastKnownFileType = file.storyboard; name = Base; path = Base.lproj/LaunchScreen.storyboard; sourceTree = "<group>"; };
		50C4687924F0DD190066ECA7 /* Info.plist */ = {isa = PBXFileReference; lastKnownFileType = text.plist.xml; path = Info.plist; sourceTree = "<group>"; };
/* End PBXFileReference section */

/* Begin PBXFrameworksBuildPhase section */
		50C4686224F0DD170066ECA7 /* Frameworks */ = {
			isa = PBXFrameworksBuildPhase;
			buildActionMask = 2147483647;
			files = (
			);
			runOnlyForDeploymentPostprocessing = 0;
		};
/* End PBXFrameworksBuildPhase section */

/* Begin PBXGroup section */
		50C4685C24F0DD170066ECA7 = {
			isa = PBXGroup;
			children = (
				50C4686724F0DD170066ECA7 /* Swymptom */,
				50C4686624F0DD170066ECA7 /* Products */,
			);
			sourceTree = "<group>";
		};
		50C4686624F0DD170066ECA7 /* Products */ = {
			isa = PBXGroup;
			children = (
				50C4686524F0DD170066ECA7 /* Swymptom.app */,
			);
			name = Products;
			sourceTree = "<group>";
		};
		50C4686724F0DD170066ECA7 /* Swymptom */ = {
			isa = PBXGroup;
			children = (
				50C4686824F0DD170066ECA7 /* AppDelegate.swift */,
				50C4686A24F0DD170066ECA7 /* SceneDelegate.swift */,
				50C4686F24F0DD170066ECA7 /* ContentView.swift */,
				50C4687124F0DD190066ECA7 /* Assets.xcassets */,
				50C4687624F0DD190066ECA7 /* LaunchScreen.storyboard */,
				50C4687924F0DD190066ECA7 /* Info.plist */,
				50C4686C24F0DD170066ECA7 /* Swymptom.xcdatamodeld */,
				50C4687324F0DD190066ECA7 /* Preview Content */,
			);
			path = Swymptom;
			sourceTree = "<group>";
		};
		50C4687324F0DD190066ECA7 /* Preview Content */ = {
			isa = PBXGroup;
			children = (
				50C4687424F0DD190066ECA7 /* Preview Assets.xcassets */,
			);
			path = "Preview Content";
			sourceTree = "<group>";
		};
/* End PBXGroup section */

/* Begin PBXNativeTarget section */
		50C4686424F0DD170066ECA7 /* Swymptom */ = {
			isa = PBXNativeTarget;
			buildConfigurationList = 50C4687C24F0DD190066ECA7 /* Build configuration list for PBXNativeTarget "Swymptom" */;
			buildPhases = (
				50C4686124F0DD170066ECA7 /* Sources */,
				50C4686224F0DD170066ECA7 /* Frameworks */,
				50C4686324F0DD170066ECA7 /* Resources */,
			);
			buildRules = (
			);
			dependencies = (
			);
			name = Swymptom;
			productName = Swymptom;
			productReference = 50C4686524F0DD170066ECA7 /* Swymptom.app */;
			productType = "com.apple.product-type.application";
		};
/* End PBXNativeTarget section */

/* Begin PBXProject section */
		50C4685D24F0DD170066ECA7 /* Project object */ = {
			isa = PBXProject;
			attributes = {
				LastSwiftUpdateCheck = 1160;
				LastUpgradeCheck = 1160;
				ORGANIZATIONNAME = "Barkat Sikder";
				TargetAttributes = {
					50C4686424F0DD170066ECA7 = {
						CreatedOnToolsVersion = 11.6;
					};
				};
			};
			buildConfigurationList = 50C4686024F0DD170066ECA7 /* Build configuration list for PBXProject "Swymptom" */;
			compatibilityVersion = "Xcode 9.3";
			developmentRegion = en;
			hasScannedForEncodings = 0;
			knownRegions = (
				en,
				Base,
			);
			mainGroup = 50C4685C24F0DD170066ECA7;
			productRefGroup = 50C4686624F0DD170066ECA7 /* Products */;
			projectDirPath = "";
			projectRoot = "";
			targets = (
				50C4686424F0DD170066ECA7 /* Swymptom */,
			);
		};
/* End PBXProject section */

/* Begin PBXResourcesBuildPhase section */
		50C4686324F0DD170066ECA7 /* Resources */ = {
			isa = PBXResourcesBuildPhase;
			buildActionMask = 2147483647;
			files = (
				50C4687824F0DD190066ECA7 /* LaunchScreen.storyboard in Resources */,
				50C4687524F0DD190066ECA7 /* Preview Assets.xcassets in Resources */,
				50C4687224F0DD190066ECA7 /* Assets.xcassets in Resources */,
			);
			runOnlyForDeploymentPostprocessing = 0;
		};
/* End PBXResourcesBuildPhase section */

/* Begin PBXSourcesBuildPhase section */
		50C4686124F0DD170066ECA7 /* Sources */ = {
			isa = PBXSourcesBuildPhase;
			buildActionMask = 2147483647;
			files = (
				50C4686924F0DD170066ECA7 /* AppDelegate.swift in Sources */,
				50C4686E24F0DD170066ECA7 /* Swymptom.xcdatamodeld in Sources */,
				50C4687024F0DD170066ECA7 /* ContentView.swift in Sources */,
				50C4686B24F0DD170066ECA7 /* SceneDelegate.swift in Sources */,
			);
			runOnlyForDeploymentPostprocessing = 0;
		};
/* End PBXSourcesBuildPhase section */

/* Begin PBXVariantGroup section */
		50C4687624F0DD190066ECA7 /* LaunchScreen.storyboard */ = {
			isa = PBXVariantGroup;
			children = (
				50C4687724F0DD190066ECA7 /* Base */,
			);
			name = LaunchScreen.storyboard;
			sourceTree = "<group>";
		};
/* End PBXVariantGroup section */

/* Begin XCBuildConfiguration section */
		50C4687A24F0DD190066ECA7 /* Debug */ = {
			isa = XCBuildConfiguration;
			buildSettings = {
				ALWAYS_SEARCH_USER_PATHS = NO;
				CLANG_ANALYZER_NONNULL = YES;
				CLANG_ANALYZER_NUMBER_OBJECT_CONVERSION = YES_AGGRESSIVE;
				CLANG_CXX_LANGUAGE_STANDARD = "gnu++14";
				CLANG_CXX_LIBRARY = "libc++";
				CLANG_ENABLE_MODULES = YES;
				CLANG_ENABLE_OBJC_ARC = YES;
				CLANG_ENABLE_OBJC_WEAK = YES;
				CLANG_WARN_BLOCK_CAPTURE_AUTORELEASING = YES;
				CLANG_WARN_BOOL_CONVERSION = YES;
				CLANG_WARN_COMMA = YES;
				CLANG_WARN_CONSTANT_CONVERSION = YES;
				CLANG_WARN_DEPRECATED_OBJC_IMPLEMENTATIONS = YES;
				CLANG_WARN_DIRECT_OBJC_ISA_USAGE = YES_ERROR;
				CLANG_WARN_DOCUMENTATION_COMMENTS = YES;
				CLANG_WARN_EMPTY_BODY = YES;
				CLANG_WARN_ENUM_CONVERSION = YES;
				CLANG_WARN_INFINITE_RECURSION = YES;
				CLANG_WARN_INT_CONVERSION = YES;
				CLANG_WARN_NON_LITERAL_NULL_CONVERSION = YES;
				CLANG_WARN_OBJC_IMPLICIT_RETAIN_SELF = YES;
				CLANG_WARN_OBJC_LITERAL_CONVERSION = YES;
				CLANG_WARN_OBJC_ROOT_CLASS = YES_ERROR;
				CLANG_WARN_RANGE_LOOP_ANALYSIS = YES;
				CLANG_WARN_STRICT_PROTOTYPES = YES;
				CLANG_WARN_SUSPICIOUS_MOVE = YES;
				CLANG_WARN_UNGUARDED_AVAILABILITY = YES_AGGRESSIVE;
				CLANG_WARN_UNREACHABLE_CODE = YES;
				CLANG_WARN__DUPLICATE_METHOD_MATCH = YES;
				COPY_PHASE_STRIP = NO;
				DEBUG_INFORMATION_FORMAT = dwarf;
				ENABLE_STRICT_OBJC_MSGSEND = YES;
				ENABLE_TESTABILITY = YES;
				GCC_C_LANGUAGE_STANDARD = gnu11;
				GCC_DYNAMIC_NO_PIC = NO;
				GCC_NO_COMMON_BLOCKS = YES;
				GCC_OPTIMIZATION_LEVEL = 0;
				GCC_PREPROCESSOR_DEFINITIONS = (
					"DEBUG=1",
					"$(inherited)",
				);
				GCC_WARN_64_TO_32_BIT_CONVERSION = YES;
				GCC_WARN_ABOUT_RETURN_TYPE = YES_ERROR;
				GCC_WARN_UNDECLARED_SELECTOR = YES;
				GCC_WARN_UNINITIALIZED_AUTOS = YES_AGGRESSIVE;
				GCC_WARN_UNUSED_FUNCTION = YES;
				GCC_WARN_UNUSED_VARIABLE = YES;
				IPHONEOS_DEPLOYMENT_TARGET = 13.6;
				MTL_ENABLE_DEBUG_INFO = INCLUDE_SOURCE;
				MTL_FAST_MATH = YES;
				ONLY_ACTIVE_ARCH = YES;
				SDKROOT = iphoneos;
				SWIFT_ACTIVE_COMPILATION_CONDITIONS = DEBUG;
				SWIFT_OPTIMIZATION_LEVEL = "-Onone";
			};
			name = Debug;
		};
		50C4687B24F0DD190066ECA7 /* Release */ = {
			isa = XCBuildConfiguration;
			buildSettings = {
				ALWAYS_SEARCH_USER_PATHS = NO;
				CLANG_ANALYZER_NONNULL = YES;
				CLANG_ANALYZER_NUMBER_OBJECT_CONVERSION = YES_AGGRESSIVE;
				CLANG_CXX_LANGUAGE_STANDARD = "gnu++14";
				CLANG_CXX_LIBRARY = "libc++";
				CLANG_ENABLE_MODULES = YES;
				CLANG_ENABLE_OBJC_ARC = YES;
				CLANG_ENABLE_OBJC_WEAK = YES;
				CLANG_WARN_BLOCK_CAPTURE_AUTORELEASING = YES;
				CLANG_WARN_BOOL_CONVERSION = YES;
				CLANG_WARN_COMMA = YES;
				CLANG_WARN_CONSTANT_CONVERSION = YES;
				CLANG_WARN_DEPRECATED_OBJC_IMPLEMENTATIONS = YES;
				CLANG_WARN_DIRECT_OBJC_ISA_USAGE = YES_ERROR;
				CLANG_WARN_DOCUMENTATION_COMMENTS = YES;
				CLANG_WARN_EMPTY_BODY = YES;
				CLANG_WARN_ENUM_CONVERSION = YES;
				CLANG_WARN_INFINITE_RECURSION = YES;
				CLANG_WARN_INT_CONVERSION = YES;
				CLANG_WARN_NON_LITERAL_NULL_CONVERSION = YES;
				CLANG_WARN_OBJC_IMPLICIT_RETAIN_SELF = YES;
				CLANG_WARN_OBJC_LITERAL_CONVERSION = YES;
				CLANG_WARN_OBJC_ROOT_CLASS = YES_ERROR;
				CLANG_WARN_RANGE_LOOP_ANALYSIS = YES;
				CLANG_WARN_STRICT_PROTOTYPES = YES;
				CLANG_WARN_SUSPICIOUS_MOVE = YES;
				CLANG_WARN_UNGUARDED_AVAILABILITY = YES_AGGRESSIVE;
				CLANG_WARN_UNREACHABLE_CODE = YES;
				CLANG_WARN__DUPLICATE_METHOD_MATCH = YES;
				COPY_PHASE_STRIP = NO;
				DEBUG_INFORMATION_FORMAT = "dwarf-with-dsym";
				ENABLE_NS_ASSERTIONS = NO;
				ENABLE_STRICT_OBJC_MSGSEND = YES;
				GCC_C_LANGUAGE_STANDARD = gnu11;
				GCC_NO_COMMON_BLOCKS = YES;
				GCC_WARN_64_TO_32_BIT_CONVERSION = YES;
				GCC_WARN_ABOUT_RETURN_TYPE = YES_ERROR;
				GCC_WARN_UNDECLARED_SELECTOR = YES;
				GCC_WARN_UNINITIALIZED_AUTOS = YES_AGGRESSIVE;
				GCC_WARN_UNUSED_FUNCTION = YES;
				GCC_WARN_UNUSED_VARIABLE = YES;
				IPHONEOS_DEPLOYMENT_TARGET = 13.6;
				MTL_ENABLE_DEBUG_INFO = NO;
				MTL_FAST_MATH = YES;
				SDKROOT = iphoneos;
				SWIFT_COMPILATION_MODE = wholemodule;
				SWIFT_OPTIMIZATION_LEVEL = "-O";
				VALIDATE_PRODUCT = YES;
			};
			name = Release;
		};
		50C4687D24F0DD190066ECA7 /* Debug */ = {
			isa = XCBuildConfiguration;
			buildSettings = {
				ASSETCATALOG_COMPILER_APPICON_NAME = AppIcon;
				CODE_SIGN_STYLE = Automatic;
				DEVELOPMENT_ASSET_PATHS = "\"Swymptom/Preview Content\"";
				ENABLE_PREVIEWS = YES;
				INFOPLIST_FILE = Swymptom/Info.plist;
				LD_RUNPATH_SEARCH_PATHS = (
					"$(inherited)",
					"@executable_path/Frameworks",
				);
				PRODUCT_BUNDLE_IDENTIFIER = io.github.barkatsikder.Swymptom;
				PRODUCT_NAME = "$(TARGET_NAME)";
				SWIFT_VERSION = 5.0;
				TARGETED_DEVICE_FAMILY = "1,2";
			};
			name = Debug;
		};
		50C4687E24F0DD190066ECA7 /* Release */ = {
			isa = XCBuildConfiguration;
			buildSettings = {
				ASSETCATALOG_COMPILER_APPICON_NAME = AppIcon;
				CODE_SIGN_STYLE = Automatic;
				DEVELOPMENT_ASSET_PATHS = "\"Swymptom/Preview Content\"";
				ENABLE_PREVIEWS = YES;
				INFOPLIST_FILE = Swymptom/Info.plist;
				LD_RUNPATH_SEARCH_PATHS = (
					"$(inherited)",
					"@executable_path/Frameworks",
				);
				PRODUCT_BUNDLE_IDENTIFIER = io.github.barkatsikder.Swymptom;
				PRODUCT_NAME = "$(TARGET_NAME)";
				SWIFT_VERSION = 5.0;
				TARGETED_DEVICE_FAMILY = "1,2";
			};
			name = Release;
		};
/* End XCBuildConfiguration section */

/* Begin XCConfigurationList section */
		50C4686024F0DD170066ECA7 /* Build configuration list for PBXProject "Swymptom" */ = {
			isa = XCConfigurationList;
			buildConfigurations = (
				50C4687A24F0DD190066ECA7 /* Debug */,
				50C4687B24F0DD190066ECA7 /* Release */,
			);
			defaultConfigurationIsVisible = 0;
			defaultConfigurationName = Release;
		};
		50C4687C24F0DD190066ECA7 /* Build configuration list for PBXNativeTarget "Swymptom" */ = {
			isa = XCConfigurationList;
			buildConfigurations = (
				50C4687D24F0DD190066ECA7 /* Debug */,
				50C4687E24F0DD190066ECA7 /* Release */,
			);
			defaultConfigurationIsVisible = 0;
			defaultConfigurationName = Release;
		};
/* End XCConfigurationList section */

/* Begin XCVersionGroup section */
		50C4686C24F0DD170066ECA7 /* Swymptom.xcdatamodeld */ = {
			isa = XCVersionGroup;
			children = (
				50C4686D24F0DD170066ECA7 /* Swymptom.xcdatamodel */,
			);
			currentVersion = 50C4686D24F0DD170066ECA7 /* Swymptom.xcdatamodel */;
			path = Swymptom.xcdatamodeld;
			sourceTree = "<group>";
			versionGroupType = wrapper.xcdatamodel;
		};
/* End XCVersionGroup section */
	};
	rootObject = 50C4685D24F0DD170066ECA7 /* Project object */;
}
